{
  "name": "sfaf-syringe-disposal",
  "version": "1.0.0",
  "lockfileVersion": 1,
  "requires": true,
  "dependencies": {
    "@angular-mdc/theme": {
      "version": "0.36.3",
      "resolved": "https://registry.npmjs.org/@angular-mdc/theme/-/theme-0.36.3.tgz",
      "integrity": "sha512-Jr9Lk56nd5Iw9S7aWYlO9snZuo2Hbnrn5AgNF2ZQwmChTcMQFRampHhLlWx2KdziX4NfUFrTlpK/aM5scJ/Yiw=="
    },
    "@angular-mdc/web": {
      "version": "0.36.3",
      "resolved": "https://registry.npmjs.org/@angular-mdc/web/-/web-0.36.3.tgz",
      "integrity": "sha512-+6W3mz7YEAq8I3mEoW1h6Ocu/t5ifTguvcr7+lfdVgAgJi++rHkSPUTLq0wCralY0H/dxFqOqoh3vSXlRJ0gWA==",
      "requires": {
        "@angular-mdc/theme": "0.36.3"
      }
    }
  }
}
